<?xml version="1.0" encoding="utf-8"?>
<Project ToolsVersion="4.0" xmlns="http://schemas.microsoft.com/developer/msbuild/2003">
  <ItemGroup>
    <Filter Include="Source Files">
      <UniqueIdentifier>{4FC737F1-C7A5-4376-A066-2A32D752A2FF}</UniqueIdentifier>
      <Extensions>cpp;c;cc;cxx;def;odl;idl;hpj;bat;asm;asmx</Extensions>
    </Filter>
    <Filter Include="Header Files">
      <UniqueIdentifier>{93995380-89BD-4b04-88EB-625FBE52EBFB}</UniqueIdentifier>
      <Extensions>h;hpp;hxx;hm;inl;inc;xsd</Extensions>
    </Filter>
    <Filter Include="Resource Files">
      <UniqueIdentifier>{67DA6AB6-F800-4c08-8B7A-83BB121AAD01}</UniqueIdentifier>
      <Extensions>rc;ico;cur;bmp;dlg;rc2;rct;bin;rgs;gif;jpg;jpeg;jpe;resx;tiff;tif;png;wav;mfcribbon-ms</Extensions>
    </Filter>
    <Filter Include="SourceMod SDK">
      <UniqueIdentifier>{756bec42-907f-4d5f-8f6a-d6fbfcce0f1f}</UniqueIdentifier>
    </Filter>
    <Filter Include="Header Files\VM">
      <UniqueIdentifier>{a1866736-6301-47eb-af41-3148c8f1c4d5}</UniqueIdentifier>
    </Filter>
    <Filter Include="Source Files\VM">
      <UniqueIdentifier>{2461aa0e-de6f-43e6-925a-c02d838aaf0c}</UniqueIdentifier>
    </Filter>
    <Filter Include="Header Files\Managers">
      <UniqueIdentifier>{3ec4d6cb-ec20-4c19-baaf-f4c371557d6c}</UniqueIdentifier>
    </Filter>
    <Filter Include="Source Files\Managers">
      <UniqueIdentifier>{2c2fc14c-f45e-446c-a279-fc104d4efdfc}</UniqueIdentifier>
    </Filter>
    <Filter Include="Header Files\Natives">
      <UniqueIdentifier>{3a9e7265-fad4-4ba1-9d4d-84cc32ec23b3}</UniqueIdentifier>
    </Filter>
    <Filter Include="Source Files\Natives">
      <UniqueIdentifier>{907286f2-bcda-4102-95dc-9b1f8ba27664}</UniqueIdentifier>
    </Filter>
  </ItemGroup>
  <ItemGroup>
    <ClCompile Include="extension.cpp">
      <Filter>Source Files</Filter>
    </ClCompile>
    <ClCompile Include="sdk\smsdk_ext.cpp">
      <Filter>SourceMod SDK</Filter>
    </ClCompile>
    <ClCompile Include="SqScript.cpp">
      <Filter>Source Files\VM</Filter>
    </ClCompile>
    <ClCompile Include="SqEnvironment.cpp">
      <Filter>Source Files\VM</Filter>
    </ClCompile>
    <ClCompile Include="SqGroups.cpp">
      <Filter>Source Files\VM</Filter>
    </ClCompile>
    <ClCompile Include="SqLoader.cpp">
      <Filter>Source Files\VM</Filter>
    </ClCompile>
    <ClCompile Include="Managers\EventManager.cpp">
      <Filter>Source Files\Managers</Filter>
    </ClCompile>
    <ClCompile Include="Natives\SqPlayer.cpp">
      <Filter>Source Files\Natives</Filter>
    </ClCompile>
    <ClCompile Include="Natives\SqEvent.cpp">
      <Filter>Source Files\Natives</Filter>
    </ClCompile>
    <ClCompile Include="Natives\SqEntity.cpp">
      <Filter>Source Files\Natives</Filter>
    </ClCompile>
  </ItemGroup>
  <ItemGroup>
    <ClInclude Include="extension.h">
      <Filter>Header Files</Filter>
    </ClInclude>
    <ClInclude Include="sdk\smsdk_config.h">
      <Filter>SourceMod SDK</Filter>
    </ClInclude>
    <ClInclude Include="sdk\smsdk_ext.h">
      <Filter>SourceMod SDK</Filter>
    </ClInclude>
    <ClInclude Include="SqEnvironment.h">
      <Filter>Header Files\VM</Filter>
    </ClInclude>
    <ClInclude Include="SqScript.h">
      <Filter>Header Files\VM</Filter>
    </ClInclude>
    <ClInclude Include="SqGroups.h">
      <Filter>Header Files\VM</Filter>
    </ClInclude>
    <ClInclude Include="SqLoader.h">
      <Filter>Header Files\VM</Filter>
    </ClInclude>
    <ClInclude Include="Managers\EventManager.h">
      <Filter>Header Files\Managers</Filter>
    </ClInclude>
    <ClInclude Include="Natives\SqEntity.h">
      <Filter>Header Files\Natives</Filter>
    </ClInclude>
    <ClInclude Include="Natives\SqEvent.h">
      <Filter>Header Files\Natives</Filter>
    </ClInclude>
    <ClInclude Include="Natives\SqPlayer.h">
      <Filter>Header Files\Natives</Filter>
    </ClInclude>
  </ItemGroup>
  <ItemGroup>
    <Text Include="GPLv2.txt">
      <Filter>Resource Files</Filter>
    </Text>
    <Text Include="GPLv3.txt">
      <Filter>Resource Files</Filter>
    </Text>
    <Text Include="LICENSE.txt">
      <Filter>Resource Files</Filter>
    </Text>
  </ItemGroup>
</Project>