
Microsoft Visual Studio Solution File, Format Version 12.00
# Visual Studio 2012
Project("{8BC9CEB8-8B4A-11D0-8D11-00A0C91BC942}") = "Goat_sq", "Goat_sq\Goat_sq.vcxproj", "{915A34EB-2069-4B44-8507-F5C25D2C700C}"
EndProject
Global
	GlobalSection(SolutionConfigurationPlatforms) = preSolution
		Debug|Win32 = Debug|Win32
		Release|Win32 = Release|Win32
	EndGlobalSection
	GlobalSection(ProjectConfigurationPlatforms) = postSolution
		{915A34EB-2069-4B44-8507-F5C25D2C700C}.Debug|Win32.ActiveCfg = Debug|Win32
		{915A34EB-2069-4B44-8507-F5C25D2C700C}.Debug|Win32.Build.0 = Debug|Win32
		{915A34EB-2069-4B44-8507-F5C25D2C700C}.Release|Win32.ActiveCfg = Release|Win32
		{915A34EB-2069-4B44-8507-F5C25D2C700C}.Release|Win32.Build.0 = Release|Win32
	EndGlobalSection
	GlobalSection(SolutionProperties) = preSolution
		HideSolutionNode = FALSE
	EndGlobalSection
EndGlobal
